{
  "version": 4,
  "terraform_version": "0.14.6",
  "serial": 2,
  "lineage": "f8041d03-94a3-c49b-872c-805a37fac5d1",
  "outputs": {
    "webserver_ip": {
      "value": "35.195.181.123",
      "type": "string"
    }
  },
  "resources": [
    {
      "mode": "data",
      "type": "google_compute_image",
      "name": "debian",
      "provider": "provider[\"registry.terraform.io/hashicorp/google\"]",
      "instances": [
        {
          "schema_version": 0,
          "attributes": {
            "archive_size_bytes": 2308742400,
            "creation_timestamp": "2021-02-17T09:42:08.633-08:00",
            "description": "Debian, Debian GNU/Linux, 9 (stretch), amd64 built on 20210217",
            "disk_size_gb": 10,
            "family": "debian-9",
            "filter": null,
            "id": "projects/debian-cloud/global/images/debian-9-stretch-v20210217",
            "image_encryption_key_sha256": "",
            "image_id": "7221762918990277535",
            "label_fingerprint": "42WmSpB8rSM=",
            "labels": {},
            "licenses": [
              "https://www.googleapis.com/compute/v1/projects/debian-cloud/global/licenses/debian-9-stretch"
            ],
            "name": "debian-9-stretch-v20210217",
            "project": "debian-cloud",
            "self_link": "https://www.googleapis.com/compute/v1/projects/debian-cloud/global/images/debian-9-stretch-v20210217",
            "source_disk": "",
            "source_disk_encryption_key_sha256": "",
            "source_disk_id": "",
            "source_image_id": "",
            "status": "READY"
          },
          "sensitive_attributes": []
        }
      ]
    },
    {
      "mode": "data",
      "type": "template_file",
      "name": "nginx",
      "provider": "provider[\"registry.terraform.io/hashicorp/template\"]",
      "instances": [
        {
          "schema_version": 0,
          "attributes": {
            "filename": null,
            "id": "01a8603766a3a2a907c6d3159af05d54cae7938847bfe217dbfd0bb0aee2b5c0",
            "rendered": "#!/bin/bash\nset -e\necho \"*****    Installing Nginx    *****\"\napt update\napt install -y nginx\nufw allow 'Nginx HTTP'\nsystemctl enable nginx\nsystemctl restart nginx\n\necho \"*****   Installation Complteted!!   *****\"\n\necho \"Welcome to Google Compute VM Instance deployed using Terraform!!!\" \u003e /var/www/html/index.html\n\necho \"*****   Startup script completes!!    *****\"\n",
            "template": "#!/bin/bash\nset -e\necho \"*****    Installing Nginx    *****\"\napt update\napt install -y nginx\nufw allow '${ufw_allow_nginx}'\nsystemctl enable nginx\nsystemctl restart nginx\n\necho \"*****   Installation Complteted!!   *****\"\n\necho \"Welcome to Google Compute VM Instance deployed using Terraform!!!\" \u003e /var/www/html/index.html\n\necho \"*****   Startup script completes!!    *****\"\n",
            "vars": {
              "ufw_allow_nginx": "Nginx HTTP"
            }
          },
          "sensitive_attributes": []
        }
      ]
    },
    {
      "mode": "managed",
      "type": "google_compute_instance",
      "name": "vm",
      "provider": "provider[\"registry.terraform.io/hashicorp/google\"]",
      "instances": [
        {
          "schema_version": 6,
          "attributes": {
            "allow_stopping_for_update": null,
            "attached_disk": [],
            "boot_disk": [
              {
                "auto_delete": true,
                "device_name": "persistent-disk-0",
                "disk_encryption_key_raw": "",
                "disk_encryption_key_sha256": "",
                "initialize_params": [
                  {
                    "image": "https://www.googleapis.com/compute/v1/projects/debian-cloud/global/images/debian-9-stretch-v20210217",
                    "labels": {},
                    "size": 10,
                    "type": "pd-standard"
                  }
                ],
                "kms_key_self_link": "",
                "mode": "READ_WRITE",
                "source": "https://www.googleapis.com/compute/v1/projects/sada-univ-sess-1-94252/zones/europe-west1-b/disks/my-webserver"
              }
            ],
            "can_ip_forward": false,
            "confidential_instance_config": [],
            "cpu_platform": "Intel Haswell",
            "current_status": "RUNNING",
            "deletion_protection": false,
            "description": "",
            "desired_status": null,
            "enable_display": false,
            "guest_accelerator": [],
            "hostname": "",
            "id": "projects/sada-univ-sess-1-94252/zones/europe-west1-b/instances/my-webserver",
            "instance_id": "5600007981262459624",
            "label_fingerprint": "k3pYoTAUZq4=",
            "labels": {
              "application": "webserver",
              "environment": "test",
              "team": "devops"
            },
            "machine_type": "f1-micro",
            "metadata": null,
            "metadata_fingerprint": "uJVLYCbL4_g=",
            "metadata_startup_script": "#!/bin/bash\nset -e\necho \"*****    Installing Nginx    *****\"\napt update\napt install -y nginx\nufw allow 'Nginx HTTP'\nsystemctl enable nginx\nsystemctl restart nginx\n\necho \"*****   Installation Complteted!!   *****\"\n\necho \"Welcome to Google Compute VM Instance deployed using Terraform!!!\" \u003e /var/www/html/index.html\n\necho \"*****   Startup script completes!!    *****\"\n",
            "min_cpu_platform": "",
            "name": "my-webserver",
            "network_interface": [
              {
                "access_config": [
                  {
                    "nat_ip": "35.195.181.123",
                    "network_tier": "PREMIUM",
                    "public_ptr_domain_name": ""
                  }
                ],
                "alias_ip_range": [],
                "name": "nic0",
                "network": "https://www.googleapis.com/compute/v1/projects/sada-univ-sess-1-94252/global/networks/default",
                "network_ip": "10.132.0.3",
                "subnetwork": "https://www.googleapis.com/compute/v1/projects/sada-univ-sess-1-94252/regions/europe-west1/subnetworks/default",
                "subnetwork_project": "sada-univ-sess-1-94252"
              }
            ],
            "project": "sada-univ-sess-1-94252",
            "resource_policies": null,
            "scheduling": [
              {
                "automatic_restart": true,
                "node_affinities": [],
                "on_host_maintenance": "MIGRATE",
                "preemptible": false
              }
            ],
            "scratch_disk": [],
            "self_link": "https://www.googleapis.com/compute/v1/projects/sada-univ-sess-1-94252/zones/europe-west1-b/instances/my-webserver",
            "service_account": [],
            "shielded_instance_config": [],
            "tags": [
              "http-server"
            ],
            "tags_fingerprint": "FYLDgkTKlA4=",
            "timeouts": null,
            "zone": "europe-west1-b"
          },
          "sensitive_attributes": [],
          "private": "eyJlMmJmYjczMC1lY2FhLTExZTYtOGY4OC0zNDM2M2JjN2M0YzAiOnsiY3JlYXRlIjoxMjAwMDAwMDAwMDAwLCJkZWxldGUiOjEyMDAwMDAwMDAwMDAsInVwZGF0ZSI6MTIwMDAwMDAwMDAwMH0sInNjaGVtYV92ZXJzaW9uIjoiNiJ9",
          "dependencies": [
            "data.google_compute_image.debian",
            "data.template_file.nginx"
          ]
        }
      ]
    }
  ]
}
